// !$*UTF8*$!
{
	archiveVersion = 1;
	classes = {
	};
	objectVersion = 48;
	objects = {

/* Begin PBXBuildFile section */
		105A40E11F675C690078BAA6 /* harp.wav in Resources */ = {isa = PBXBuildFile; fileRef = 10CCC0E51F6738010085294A /* harp.wav */; };
		105A40E21F675C690078BAA6 /* joy.wav in Resources */ = {isa = PBXBuildFile; fileRef = 105A40E01F6756970078BAA6 /* joy.wav */; };
		106A373C1F66EE0200BF5BD1 /* AppDelegate.swift in Sources */ = {isa = PBXBuildFile; fileRef = 106A373B1F66EE0200BF5BD1 /* AppDelegate.swift */; };
		106A373E1F66EE0200BF5BD1 /* ViewController.swift in Sources */ = {isa = PBXBuildFile; fileRef = 106A373D1F66EE0200BF5BD1 /* ViewController.swift */; };
		106A37411F66EE0200BF5BD1 /* Main.storyboard in Resources */ = {isa = PBXBuildFile; fileRef = 106A373F1F66EE0200BF5BD1 /* Main.storyboard */; };
		106A37431F66EE0200BF5BD1 /* Assets.xcassets in Resources */ = {isa = PBXBuildFile; fileRef = 106A37421F66EE0200BF5BD1 /* Assets.xcassets */; };
		106A37461F66EE0200BF5BD1 /* LaunchScreen.storyboard in Resources */ = {isa = PBXBuildFile; fileRef = 106A37441F66EE0200BF5BD1 /* LaunchScreen.storyboard */; };
		10CCC0E01F6733CD0085294A /* Piano.framework in Frameworks */ = {isa = PBXBuildFile; fileRef = 10CCC0DF1F6733C70085294A /* Piano.framework */; };
		10CCC0E11F6733CD0085294A /* Piano.framework in Embed Frameworks */ = {isa = PBXBuildFile; fileRef = 10CCC0DF1F6733C70085294A /* Piano.framework */; settings = {ATTRIBUTES = (CodeSignOnCopy, RemoveHeadersOnCopy, ); }; };
		10CCC0E41F6737730085294A /* Sounds.xcassets in Resources */ = {isa = PBXBuildFile; fileRef = 10CCC0E31F6737730085294A /* Sounds.xcassets */; };
/* End PBXBuildFile section */

/* Begin PBXCopyFilesBuildPhase section */
		10CCC0D01F6728FA0085294A /* Embed Frameworks */ = {
			isa = PBXCopyFilesBuildPhase;
			buildActionMask = 2147483647;
			dstPath = "";
			dstSubfolderSpec = 10;
			files = (
				10CCC0E11F6733CD0085294A /* Piano.framework in Embed Frameworks */,
			);
			name = "Embed Frameworks";
			runOnlyForDeploymentPostprocessing = 0;
		};
/* End PBXCopyFilesBuildPhase section */

/* Begin PBXFileReference section */
		105A40E01F6756970078BAA6 /* joy.wav */ = {isa = PBXFileReference; lastKnownFileType = audio.wav; path = joy.wav; sourceTree = "<group>"; };
		106A37381F66EE0200BF5BD1 /* PianoExample.app */ = {isa = PBXFileReference; explicitFileType = wrapper.application; includeInIndex = 0; path = PianoExample.app; sourceTree = BUILT_PRODUCTS_DIR; };
		106A373B1F66EE0200BF5BD1 /* AppDelegate.swift */ = {isa = PBXFileReference; lastKnownFileType = sourcecode.swift; path = AppDelegate.swift; sourceTree = "<group>"; };
		106A373D1F66EE0200BF5BD1 /* ViewController.swift */ = {isa = PBXFileReference; lastKnownFileType = sourcecode.swift; path = ViewController.swift; sourceTree = "<group>"; };
		106A37401F66EE0200BF5BD1 /* Base */ = {isa = PBXFileReference; lastKnownFileType = file.storyboard; name = Base; path = Base.lproj/Main.storyboard; sourceTree = "<group>"; };
		106A37421F66EE0200BF5BD1 /* Assets.xcassets */ = {isa = PBXFileReference; lastKnownFileType = folder.assetcatalog; path = Assets.xcassets; sourceTree = "<group>"; };
		106A37451F66EE0200BF5BD1 /* Base */ = {isa = PBXFileReference; lastKnownFileType = file.storyboard; name = Base; path = Base.lproj/LaunchScreen.storyboard; sourceTree = "<group>"; };
		106A37471F66EE0200BF5BD1 /* Info.plist */ = {isa = PBXFileReference; lastKnownFileType = text.plist.xml; path = Info.plist; sourceTree = "<group>"; };
		10CCC0DF1F6733C70085294A /* Piano.framework */ = {isa = PBXFileReference; explicitFileType = wrapper.framework; path = Piano.framework; sourceTree = BUILT_PRODUCTS_DIR; };
		10CCC0E31F6737730085294A /* Sounds.xcassets */ = {isa = PBXFileReference; lastKnownFileType = folder.assetcatalog; path = Sounds.xcassets; sourceTree = "<group>"; };
		10CCC0E51F6738010085294A /* harp.wav */ = {isa = PBXFileReference; lastKnownFileType = audio.wav; path = harp.wav; sourceTree = "<group>"; };
/* End PBXFileReference section */

/* Begin PBXFrameworksBuildPhase section */
		106A37351F66EE0200BF5BD1 /* Frameworks */ = {
			isa = PBXFrameworksBuildPhase;
			buildActionMask = 2147483647;
			files = (
				10CCC0E01F6733CD0085294A /* Piano.framework in Frameworks */,
			);
			runOnlyForDeploymentPostprocessing = 0;
		};
/* End PBXFrameworksBuildPhase section */

/* Begin PBXGroup section */
		106A372F1F66EE0200BF5BD1 = {
			isa = PBXGroup;
			children = (
				106A373A1F66EE0200BF5BD1 /* PianoExample */,
				106A37391F66EE0200BF5BD1 /* Products */,
				10CCC0C61F6712630085294A /* Frameworks */,
			);
			sourceTree = "<group>";
		};
		106A37391F66EE0200BF5BD1 /* Products */ = {
			isa = PBXGroup;
			children = (
				106A37381F66EE0200BF5BD1 /* PianoExample.app */,
			);
			name = Products;
			sourceTree = "<group>";
		};
		106A373A1F66EE0200BF5BD1 /* PianoExample */ = {
			isa = PBXGroup;
			children = (
				10CCC0E21F67350C0085294A /* IGNORE */,
				10CCC0E31F6737730085294A /* Sounds.xcassets */,
				10CCC0E51F6738010085294A /* harp.wav */,
				105A40E01F6756970078BAA6 /* joy.wav */,
				106A373D1F66EE0200BF5BD1 /* ViewController.swift */,
			);
			path = PianoExample;
			sourceTree = "<group>";
		};
		10CCC0C61F6712630085294A /* Frameworks */ = {
			isa = PBXGroup;
			children = (
				10CCC0DF1F6733C70085294A /* Piano.framework */,
			);
			name = Frameworks;
			sourceTree = "<group>";
		};
		10CCC0E21F67350C0085294A /* IGNORE */ = {
			isa = PBXGroup;
			children = (
				106A37421F66EE0200BF5BD1 /* Assets.xcassets */,
				106A373B1F66EE0200BF5BD1 /* AppDelegate.swift */,
				106A373F1F66EE0200BF5BD1 /* Main.storyboard */,
				106A37441F66EE0200BF5BD1 /* LaunchScreen.storyboard */,
				106A37471F66EE0200BF5BD1 /* Info.plist */,
			);
			name = IGNORE;
			sourceTree = "<group>";
		};
/* End PBXGroup section */

/* Begin PBXNativeTarget section */
		106A37371F66EE0200BF5BD1 /* PianoExample */ = {
			isa = PBXNativeTarget;
			buildConfigurationList = 106A374A1F66EE0200BF5BD1 /* Build configuration list for PBXNativeTarget "PianoExample" */;
			buildPhases = (
				106A37341F66EE0200BF5BD1 /* Sources */,
				106A37351F66EE0200BF5BD1 /* Frameworks */,
				106A37361F66EE0200BF5BD1 /* Resources */,
				10CCC0D01F6728FA0085294A /* Embed Frameworks */,
			);
			buildRules = (
			);
			dependencies = (
			);
			name = PianoExample;
			productName = PianoExample;
			productReference = 106A37381F66EE0200BF5BD1 /* PianoExample.app */;
			productType = "com.apple.product-type.application";
		};
/* End PBXNativeTarget section */

/* Begin PBXProject section */
		106A37301F66EE0200BF5BD1 /* Project object */ = {
			isa = PBXProject;
			attributes = {
				LastSwiftUpdateCheck = 0900;
				LastUpgradeCheck = 0900;
				ORGANIZATIONNAME = "Saoud Rizwan";
				TargetAttributes = {
					106A37371F66EE0200BF5BD1 = {
						CreatedOnToolsVersion = 9.0;
					};
				};
			};
			buildConfigurationList = 106A37331F66EE0200BF5BD1 /* Build configuration list for PBXProject "PianoExample" */;
			compatibilityVersion = "Xcode 8.0";
			developmentRegion = en;
			hasScannedForEncodings = 0;
			knownRegions = (
				en,
				Base,
			);
			mainGroup = 106A372F1F66EE0200BF5BD1;
			productRefGroup = 106A37391F66EE0200BF5BD1 /* Products */;
			projectDirPath = "";
			projectRoot = "";
			targets = (
				106A37371F66EE0200BF5BD1 /* PianoExample */,
			);
		};
/* End PBXProject section */

/* Begin PBXResourcesBuildPhase section */
		106A37361F66EE0200BF5BD1 /* Resources */ = {
			isa = PBXResourcesBuildPhase;
			buildActionMask = 2147483647;
			files = (
				105A40E11F675C690078BAA6 /* harp.wav in Resources */,
				105A40E21F675C690078BAA6 /* joy.wav in Resources */,
				106A37461F66EE0200BF5BD1 /* LaunchScreen.storyboard in Resources */,
				106A37431F66EE0200BF5BD1 /* Assets.xcassets in Resources */,
				106A37411F66EE0200BF5BD1 /* Main.storyboard in Resources */,
				10CCC0E41F6737730085294A /* Sounds.xcassets in Resources */,
			);
			runOnlyForDeploymentPostprocessing = 0;
		};
/* End PBXResourcesBuildPhase section */

/* Begin PBXSourcesBuildPhase section */
		106A37341F66EE0200BF5BD1 /* Sources */ = {
			isa = PBXSourcesBuildPhase;
			buildActionMask = 2147483647;
			files = (
				106A373E1F66EE0200BF5BD1 /* ViewController.swift in Sources */,
				106A373C1F66EE0200BF5BD1 /* AppDelegate.swift in Sources */,
			);
			runOnlyForDeploymentPostprocessing = 0;
		};
/* End PBXSourcesBuildPhase section */

/* Begin PBXVariantGroup section */
		106A373F1F66EE0200BF5BD1 /* Main.storyboard */ = {
			isa = PBXVariantGroup;
			children = (
				106A37401F66EE0200BF5BD1 /* Base */,
			);
			name = Main.storyboard;
			sourceTree = "<group>";
		};
		106A37441F66EE0200BF5BD1 /* LaunchScreen.storyboard */ = {
			isa = PBXVariantGroup;
			children = (
				106A37451F66EE0200BF5BD1 /* Base */,
			);
			name = LaunchScreen.storyboard;
			sourceTree = "<group>";
		};
/* End PBXVariantGroup section */

/* Begin XCBuildConfiguration section */
		106A37481F66EE0200BF5BD1 /* Debug */ = {
			isa = XCBuildConfiguration;
			buildSettings = {
				ALWAYS_SEARCH_USER_PATHS = NO;
				CLANG_ANALYZER_NONNULL = YES;
				CLANG_ANALYZER_NUMBER_OBJECT_CONVERSION = YES_AGGRESSIVE;
				CLANG_CXX_LANGUAGE_STANDARD = "gnu++14";
				CLANG_CXX_LIBRARY = "libc++";
				CLANG_ENABLE_MODULES = YES;
				CLANG_ENABLE_OBJC_ARC = YES;
				CLANG_WARN_BLOCK_CAPTURE_AUTORELEASING = YES;
				CLANG_WARN_BOOL_CONVERSION = YES;
				CLANG_WARN_COMMA = YES;
				CLANG_WARN_CONSTANT_CONVERSION = YES;
				CLANG_WARN_DIRECT_OBJC_ISA_USAGE = YES_ERROR;
				CLANG_WARN_DOCUMENTATION_COMMENTS = YES;
				CLANG_WARN_EMPTY_BODY = YES;
				CLANG_WARN_ENUM_CONVERSION = YES;
				CLANG_WARN_INFINITE_RECURSION = YES;
				CLANG_WARN_INT_CONVERSION = YES;
				CLANG_WARN_NON_LITERAL_NULL_CONVERSION = YES;
				CLANG_WARN_OBJC_LITERAL_CONVERSION = YES;
				CLANG_WARN_OBJC_ROOT_CLASS = YES_ERROR;
				CLANG_WARN_RANGE_LOOP_ANALYSIS = YES;
				CLANG_WARN_STRICT_PROTOTYPES = YES;
				CLANG_WARN_SUSPICIOUS_MOVE = YES;
				CLANG_WARN_UNGUARDED_AVAILABILITY = YES_AGGRESSIVE;
				CLANG_WARN_UNREACHABLE_CODE = YES;
				CLANG_WARN__DUPLICATE_METHOD_MATCH = YES;
				CODE_SIGN_IDENTITY = "iPhone Developer";
				COPY_PHASE_STRIP = NO;
				DEBUG_INFORMATION_FORMAT = dwarf;
				ENABLE_STRICT_OBJC_MSGSEND = YES;
				ENABLE_TESTABILITY = YES;
				GCC_C_LANGUAGE_STANDARD = gnu11;
				GCC_DYNAMIC_NO_PIC = NO;
				GCC_NO_COMMON_BLOCKS = YES;
				GCC_OPTIMIZATION_LEVEL = 0;
				GCC_PREPROCESSOR_DEFINITIONS = (
					"DEBUG=1",
					"$(inherited)",
				);
				GCC_WARN_64_TO_32_BIT_CONVERSION = YES;
				GCC_WARN_ABOUT_RETURN_TYPE = YES_ERROR;
				GCC_WARN_UNDECLARED_SELECTOR = YES;
				GCC_WARN_UNINITIALIZED_AUTOS = YES_AGGRESSIVE;
				GCC_WARN_UNUSED_FUNCTION = YES;
				GCC_WARN_UNUSED_VARIABLE = YES;
				IPHONEOS_DEPLOYMENT_TARGET = 11.0;
				MTL_ENABLE_DEBUG_INFO = YES;
				ONLY_ACTIVE_ARCH = YES;
				SDKROOT = iphoneos;
				SWIFT_ACTIVE_COMPILATION_CONDITIONS = DEBUG;
				SWIFT_OPTIMIZATION_LEVEL = "-Onone";
			};
			name = Debug;
		};
		106A37491F66EE0200BF5BD1 /* Release */ = {
			isa = XCBuildConfiguration;
			buildSettings = {
				ALWAYS_SEARCH_USER_PATHS = NO;
				CLANG_ANALYZER_NONNULL = YES;
				CLANG_ANALYZER_NUMBER_OBJECT_CONVERSION = YES_AGGRESSIVE;
				CLANG_CXX_LANGUAGE_STANDARD = "gnu++14";
				CLANG_CXX_LIBRARY = "libc++";
				CLANG_ENABLE_MODULES = YES;
				CLANG_ENABLE_OBJC_ARC = YES;
				CLANG_WARN_BLOCK_CAPTURE_AUTORELEASING = YES;
				CLANG_WARN_BOOL_CONVERSION = YES;
				CLANG_WARN_COMMA = YES;
				CLANG_WARN_CONSTANT_CONVERSION = YES;
				CLANG_WARN_DIRECT_OBJC_ISA_USAGE = YES_ERROR;
				CLANG_WARN_DOCUMENTATION_COMMENTS = YES;
				CLANG_WARN_EMPTY_BODY = YES;
				CLANG_WARN_ENUM_CONVERSION = YES;
				CLANG_WARN_INFINITE_RECURSION = YES;
				CLANG_WARN_INT_CONVERSION = YES;
				CLANG_WARN_NON_LITERAL_NULL_CONVERSION = YES;
				CLANG_WARN_OBJC_LITERAL_CONVERSION = YES;
				CLANG_WARN_OBJC_ROOT_CLASS = YES_ERROR;
				CLANG_WARN_RANGE_LOOP_ANALYSIS = YES;
				CLANG_WARN_STRICT_PROTOTYPES = YES;
				CLANG_WARN_SUSPICIOUS_MOVE = YES;
				CLANG_WARN_UNGUARDED_AVAILABILITY = YES_AGGRESSIVE;
				CLANG_WARN_UNREACHABLE_CODE = YES;
				CLANG_WARN__DUPLICATE_METHOD_MATCH = YES;
				CODE_SIGN_IDENTITY = "iPhone Developer";
				COPY_PHASE_STRIP = NO;
				DEBUG_INFORMATION_FORMAT = "dwarf-with-dsym";
				ENABLE_NS_ASSERTIONS = NO;
				ENABLE_STRICT_OBJC_MSGSEND = YES;
				GCC_C_LANGUAGE_STANDARD = gnu11;
				GCC_NO_COMMON_BLOCKS = YES;
				GCC_WARN_64_TO_32_BIT_CONVERSION = YES;
				GCC_WARN_ABOUT_RETURN_TYPE = YES_ERROR;
				GCC_WARN_UNDECLARED_SELECTOR = YES;
				GCC_WARN_UNINITIALIZED_AUTOS = YES_AGGRESSIVE;
				GCC_WARN_UNUSED_FUNCTION = YES;
				GCC_WARN_UNUSED_VARIABLE = YES;
				IPHONEOS_DEPLOYMENT_TARGET = 11.0;
				MTL_ENABLE_DEBUG_INFO = NO;
				SDKROOT = iphoneos;
				SWIFT_OPTIMIZATION_LEVEL = "-Owholemodule";
				VALIDATE_PRODUCT = YES;
			};
			name = Release;
		};
		106A374B1F66EE0200BF5BD1 /* Debug */ = {
			isa = XCBuildConfiguration;
			buildSettings = {
				ASSETCATALOG_COMPILER_APPICON_NAME = AppIcon;
				DEVELOPMENT_TEAM = 5M795QY47C;
				FRAMEWORK_SEARCH_PATHS = "$(SRCROOT)/**";
				INFOPLIST_FILE = PianoExample/Info.plist;
				IPHONEOS_DEPLOYMENT_TARGET = 10;
				LD_RUNPATH_SEARCH_PATHS = "$(inherited) @executable_path/Frameworks";
				PRODUCT_BUNDLE_IDENTIFIER = saoudrizwan.PianoExample;
				PRODUCT_NAME = "$(TARGET_NAME)";
				SWIFT_VERSION = 4.0;
				TARGETED_DEVICE_FAMILY = "1,2";
			};
			name = Debug;
		};
		106A374C1F66EE0200BF5BD1 /* Release */ = {
			isa = XCBuildConfiguration;
			buildSettings = {
				ASSETCATALOG_COMPILER_APPICON_NAME = AppIcon;
				DEVELOPMENT_TEAM = 5M795QY47C;
				FRAMEWORK_SEARCH_PATHS = "$(SRCROOT)/**";
				INFOPLIST_FILE = PianoExample/Info.plist;
				IPHONEOS_DEPLOYMENT_TARGET = 10;
				LD_RUNPATH_SEARCH_PATHS = "$(inherited) @executable_path/Frameworks";
				PRODUCT_BUNDLE_IDENTIFIER = saoudrizwan.PianoExample;
				PRODUCT_NAME = "$(TARGET_NAME)";
				SWIFT_VERSION = 4.0;
				TARGETED_DEVICE_FAMILY = "1,2";
			};
			name = Release;
		};
/* End XCBuildConfiguration section */

/* Begin XCConfigurationList section */
		106A37331F66EE0200BF5BD1 /* Build configuration list for PBXProject "PianoExample" */ = {
			isa = XCConfigurationList;
			buildConfigurations = (
				106A37481F66EE0200BF5BD1 /* Debug */,
				106A37491F66EE0200BF5BD1 /* Release */,
			);
			defaultConfigurationIsVisible = 0;
			defaultConfigurationName = Release;
		};
		106A374A1F66EE0200BF5BD1 /* Build configuration list for PBXNativeTarget "PianoExample" */ = {
			isa = XCConfigurationList;
			buildConfigurations = (
				106A374B1F66EE0200BF5BD1 /* Debug */,
				106A374C1F66EE0200BF5BD1 /* Release */,
			);
			defaultConfigurationIsVisible = 0;
			defaultConfigurationName = Release;
		};
/* End XCConfigurationList section */
	};
	rootObject = 106A37301F66EE0200BF5BD1 /* Project object */;
}
